
Microsoft Visual Studio Solution File, Format Version 12.00
# Visual Studio Version 17
VisualStudioVersion = 17.3.32825.248
MinimumVisualStudioVersion = 10.0.40219.1
Project("{FAE04EC0-301F-11D3-BF4B-00C04F79EFBC}") = "BüyükÜnlüUyumu", "BüyükÜnlüUyumu\BüyükÜnlüUyumu.csproj", "{C4B96722-534F-4674-80AE-18A3EBEE51A3}"
EndProject
Global
	GlobalSection(SolutionConfigurationPlatforms) = preSolution
		Debug|Any CPU = Debug|Any CPU
		Release|Any CPU = Release|Any CPU
	EndGlobalSection
	GlobalSection(ProjectConfigurationPlatforms) = postSolution
		{C4B96722-534F-4674-80AE-18A3EBEE51A3}.Debug|Any CPU.ActiveCfg = Debug|Any CPU
		{C4B96722-534F-4674-80AE-18A3EBEE51A3}.Debug|Any CPU.Build.0 = Debug|Any CPU
		{C4B96722-534F-4674-80AE-18A3EBEE51A3}.Release|Any CPU.ActiveCfg = Release|Any CPU
		{C4B96722-534F-4674-80AE-18A3EBEE51A3}.Release|Any CPU.Build.0 = Release|Any CPU
	EndGlobalSection
	GlobalSection(SolutionProperties) = preSolution
		HideSolutionNode = FALSE
	EndGlobalSection
	GlobalSection(ExtensibilityGlobals) = postSolution
		SolutionGuid = {CBA58412-35C1-4AAC-8BAE-8D316BEF49B0}
	EndGlobalSection
EndGlobal
